PATH
  remote: .
  specs:
    card_connect (0.3.0)
      faraday (~> 2.7)

GEM
  remote: https://rubygems.org/
  specs:
    coderay (1.1.2)
    faraday (2.14.0)
      faraday-net_http (>= 2.0, < 3.5)
      json
      logger
    faraday-net_http (3.4.2)
      net-http (~> 0.5)
    json (2.16.0)
    logger (1.7.0)
    method_source (0.9.0)
    minitest (5.10.3)
    net-http (0.8.0)
      uri (>= 0.11.1)
    pry (0.11.3)
      coderay (~> 1.1.0)
      method_source (~> 0.9.0)
    rake (13.3.1)
    uri (1.1.1)

PLATFORMS
  ruby

DEPENDENCIES
  bundler (>= 1.16)
  card_connect!
  minitest (~> 5.0)
  pry
  rake (>= 10.0)

BUNDLED WITH
   2.6.9
